{
  "requires": true,
  "lockfileVersion": 1,
  "dependencies": {
    "vee-validate": {
      "version": "2.2.11",
      "resolved": "https://registry.npmjs.org/vee-validate/-/vee-validate-2.2.11.tgz",
      "integrity": "sha512-wQMhq1cPOk+eaE+iKVyoyEUp1mczpeSvL4V3sardi9+KMgDw853kCd6v0iajdH8uUSpj319BVdXkmDlx1qWFog=="
    },
    "vue-router": {
      "version": "3.0.6",
      "resolved": "https://registry.npmjs.org/vue-router/-/vue-router-3.0.6.tgz",
      "integrity": "sha512-Ox0ciFLswtSGRTHYhGvx2L44sVbTPNS+uD2kRISuo8B39Y79rOo0Kw0hzupTmiVtftQYCZl87mwldhh2L9Aquw=="
    }
  }
}
